
Microsoft Visual Studio Solution File, Format Version 12.00
# Visual Studio Version 16
VisualStudioVersion = 16.0.30611.23
MinimumVisualStudioVersion = 10.0.40219.1
Project("{FAE04EC0-301F-11D3-BF4B-00C04F79EFBC}") = "Lab1 Sintez", "Lab1 Sintez\Lab1 Sintez.csproj", "{11D9CA0A-C717-4359-A1D9-F4610A3BA1E0}"
EndProject
Global
	GlobalSection(SolutionConfigurationPlatforms) = preSolution
		Debug|Any CPU = Debug|Any CPU
		Release|Any CPU = Release|Any CPU
	EndGlobalSection
	GlobalSection(ProjectConfigurationPlatforms) = postSolution
		{11D9CA0A-C717-4359-A1D9-F4610A3BA1E0}.Debug|Any CPU.ActiveCfg = Debug|Any CPU
		{11D9CA0A-C717-4359-A1D9-F4610A3BA1E0}.Debug|Any CPU.Build.0 = Debug|Any CPU
		{11D9CA0A-C717-4359-A1D9-F4610A3BA1E0}.Release|Any CPU.ActiveCfg = Release|Any CPU
		{11D9CA0A-C717-4359-A1D9-F4610A3BA1E0}.Release|Any CPU.Build.0 = Release|Any CPU
	EndGlobalSection
	GlobalSection(SolutionProperties) = preSolution
		HideSolutionNode = FALSE
	EndGlobalSection
	GlobalSection(ExtensibilityGlobals) = postSolution
		SolutionGuid = {7B2F22FB-1F68-41EA-BD68-B826F7BBEB8C}
	EndGlobalSection
EndGlobal
